// !$*UTF8*$!
{
	archiveVersion = 1;
	classes = {
	};
	objectVersion = 55;
	objects = {

/* Begin PBXBuildFile section */
		2C24697E03FA1743C2BF440D /* Pods_tiktok_clone.framework in Frameworks */ = {isa = PBXBuildFile; fileRef = 208854DFA5F8054F6CD11509 /* Pods_tiktok_clone.framework */; };
		5D078DEC29DD505A00611556 /* videoPost.mp4 in Resources */ = {isa = PBXBuildFile; fileRef = 5D078DEB29DD505A00611556 /* videoPost.mp4 */; };
		5D22999F29EB9704007938AD /* ExploreSection.swift in Sources */ = {isa = PBXBuildFile; fileRef = 5D22999E29EB9704007938AD /* ExploreSection.swift */; };
		5D2299A129EBA49D007938AD /* ExploreCell.swift in Sources */ = {isa = PBXBuildFile; fileRef = 5D2299A029EBA49D007938AD /* ExploreCell.swift */; };
		5D2299A329EBA573007938AD /* ExploreSectionType.swift in Sources */ = {isa = PBXBuildFile; fileRef = 5D2299A229EBA573007938AD /* ExploreSectionType.swift */; };
		5D5A7CDE29CFF0E600CF20EB /* AppDelegate.swift in Sources */ = {isa = PBXBuildFile; fileRef = 5D5A7CDD29CFF0E600CF20EB /* AppDelegate.swift */; };
		5D5A7CE029CFF0E600CF20EB /* SceneDelegate.swift in Sources */ = {isa = PBXBuildFile; fileRef = 5D5A7CDF29CFF0E600CF20EB /* SceneDelegate.swift */; };
		5D5A7CE729CFF0E800CF20EB /* Assets.xcassets in Resources */ = {isa = PBXBuildFile; fileRef = 5D5A7CE629CFF0E800CF20EB /* Assets.xcassets */; };
		5D5A7CEA29CFF0E800CF20EB /* LaunchScreen.storyboard in Resources */ = {isa = PBXBuildFile; fileRef = 5D5A7CE829CFF0E800CF20EB /* LaunchScreen.storyboard */; };
		5D5A7CFB29D01B9800CF20EB /* HomeViewController.swift in Sources */ = {isa = PBXBuildFile; fileRef = 5D5A7CFA29D01B9800CF20EB /* HomeViewController.swift */; };
		5D5A7CFD29D01CC800CF20EB /* ProfileViewController.swift in Sources */ = {isa = PBXBuildFile; fileRef = 5D5A7CFC29D01CC800CF20EB /* ProfileViewController.swift */; };
		5D5A7CFF29D01CF900CF20EB /* ExploreViewController.swift in Sources */ = {isa = PBXBuildFile; fileRef = 5D5A7CFE29D01CF900CF20EB /* ExploreViewController.swift */; };
		5D5A7D0129D01D2D00CF20EB /* CameraViewController.swift in Sources */ = {isa = PBXBuildFile; fileRef = 5D5A7D0029D01D2D00CF20EB /* CameraViewController.swift */; };
		5D5A7D0329D01D6500CF20EB /* NotificationsViewController.swift in Sources */ = {isa = PBXBuildFile; fileRef = 5D5A7D0229D01D6500CF20EB /* NotificationsViewController.swift */; };
		5D5A7D0729D01E1600CF20EB /* UserListViewController.swift in Sources */ = {isa = PBXBuildFile; fileRef = 5D5A7D0629D01E1600CF20EB /* UserListViewController.swift */; };
		5D5A7D0929D01E3100CF20EB /* SettingsViewController.swift in Sources */ = {isa = PBXBuildFile; fileRef = 5D5A7D0829D01E3100CF20EB /* SettingsViewController.swift */; };
		5D5A7D0B29D01E5200CF20EB /* PostViewController.swift in Sources */ = {isa = PBXBuildFile; fileRef = 5D5A7D0A29D01E5200CF20EB /* PostViewController.swift */; };
		5D5A7D0D29D01E8000CF20EB /* CommentsViewController.swift in Sources */ = {isa = PBXBuildFile; fileRef = 5D5A7D0C29D01E8000CF20EB /* CommentsViewController.swift */; };
		5D5A7D0F29D01EAC00CF20EB /* CaptionViewController.swift in Sources */ = {isa = PBXBuildFile; fileRef = 5D5A7D0E29D01EAC00CF20EB /* CaptionViewController.swift */; };
		5D5A7D1129D01ED600CF20EB /* EditProfileViewController.swift in Sources */ = {isa = PBXBuildFile; fileRef = 5D5A7D1029D01ED600CF20EB /* EditProfileViewController.swift */; };
		5D5A7D1329D01F1100CF20EB /* SignInViewController.swift in Sources */ = {isa = PBXBuildFile; fileRef = 5D5A7D1229D01F1100CF20EB /* SignInViewController.swift */; };
		5D5A7D1529D01F3600CF20EB /* SignUpViewController.swift in Sources */ = {isa = PBXBuildFile; fileRef = 5D5A7D1429D01F3600CF20EB /* SignUpViewController.swift */; };
		5D5A7D1B29D020CE00CF20EB /* RecordButton.swift in Sources */ = {isa = PBXBuildFile; fileRef = 5D5A7D1A29D020CE00CF20EB /* RecordButton.swift */; };
		5D5A7D1D29D0212B00CF20EB /* Extensions.swift in Sources */ = {isa = PBXBuildFile; fileRef = 5D5A7D1C29D0212B00CF20EB /* Extensions.swift */; };
		5D5A7D2129D023F600CF20EB /* TabBarViewController.swift in Sources */ = {isa = PBXBuildFile; fileRef = 5D5A7D2029D023F600CF20EB /* TabBarViewController.swift */; };
		5D5A7D2629D024B400CF20EB /* StorageManager.swift in Sources */ = {isa = PBXBuildFile; fileRef = 5D5A7D2529D024B400CF20EB /* StorageManager.swift */; };
		5D5A7D2829D0258600CF20EB /* DatabaseManager .swift in Sources */ = {isa = PBXBuildFile; fileRef = 5D5A7D2729D0258600CF20EB /* DatabaseManager .swift */; };
		5D5A7D2A29D025C700CF20EB /* AuthManager.swift in Sources */ = {isa = PBXBuildFile; fileRef = 5D5A7D2929D025C700CF20EB /* AuthManager.swift */; };
		5D5A7D2C29D025F100CF20EB /* HapticsManager.swift in Sources */ = {isa = PBXBuildFile; fileRef = 5D5A7D2B29D025F100CF20EB /* HapticsManager.swift */; };
		5D5A7D2E29D0262500CF20EB /* ExploreManager.swift in Sources */ = {isa = PBXBuildFile; fileRef = 5D5A7D2D29D0262500CF20EB /* ExploreManager.swift */; };
		5D791D3B29DAA75B00D7C20B /* CommentsTableViewCell.swift in Sources */ = {isa = PBXBuildFile; fileRef = 5D791D3A29DAA75B00D7C20B /* CommentsTableViewCell.swift */; };
		5D791D3E29DAA81800D7C20B /* Constants.swift in Sources */ = {isa = PBXBuildFile; fileRef = 5D791D3D29DAA81800D7C20B /* Constants.swift */; };
		5DBF6FF729ECBD6900465750 /* ExploreBannerViewModel.swift in Sources */ = {isa = PBXBuildFile; fileRef = 5DBF6FF629ECBD6900465750 /* ExploreBannerViewModel.swift */; };
		5DBF6FF929ECBDE800465750 /* ExplorePostViewModel.swift in Sources */ = {isa = PBXBuildFile; fileRef = 5DBF6FF829ECBDE800465750 /* ExplorePostViewModel.swift */; };
		5DBF6FFB29ECBE8600465750 /* ExploreHashtagViewModel.swift in Sources */ = {isa = PBXBuildFile; fileRef = 5DBF6FFA29ECBE8600465750 /* ExploreHashtagViewModel.swift */; };
		5DBF6FFD29ECCA0B00465750 /* ExploreUserViewModel.swift in Sources */ = {isa = PBXBuildFile; fileRef = 5DBF6FFC29ECCA0B00465750 /* ExploreUserViewModel.swift */; };
		5DDFAC9129D0D87500D26540 /* GoogleService-Info.plist in Resources */ = {isa = PBXBuildFile; fileRef = 5DDFAC9029D0D87500D26540 /* GoogleService-Info.plist */; };
		5DDFAC9529D12C0000D26540 /* PostModel.swift in Sources */ = {isa = PBXBuildFile; fileRef = 5DDFAC9429D12C0000D26540 /* PostModel.swift */; };
		5DFFB64329DBB99500DACDB8 /* PostComment.swift in Sources */ = {isa = PBXBuildFile; fileRef = 5DFFB64229DBB99500DACDB8 /* PostComment.swift */; };
		5DFFB64529DBD45900DACDB8 /* User.swift in Sources */ = {isa = PBXBuildFile; fileRef = 5DFFB64429DBD45900DACDB8 /* User.swift */; };
/* End PBXBuildFile section */

/* Begin PBXFileReference section */
		208854DFA5F8054F6CD11509 /* Pods_tiktok_clone.framework */ = {isa = PBXFileReference; explicitFileType = wrapper.framework; includeInIndex = 0; path = Pods_tiktok_clone.framework; sourceTree = BUILT_PRODUCTS_DIR; };
		5D078DEB29DD505A00611556 /* videoPost.mp4 */ = {isa = PBXFileReference; lastKnownFileType = file; path = videoPost.mp4; sourceTree = "<group>"; };
		5D22999E29EB9704007938AD /* ExploreSection.swift */ = {isa = PBXFileReference; lastKnownFileType = sourcecode.swift; path = ExploreSection.swift; sourceTree = "<group>"; };
		5D2299A029EBA49D007938AD /* ExploreCell.swift */ = {isa = PBXFileReference; lastKnownFileType = sourcecode.swift; path = ExploreCell.swift; sourceTree = "<group>"; };
		5D2299A229EBA573007938AD /* ExploreSectionType.swift */ = {isa = PBXFileReference; lastKnownFileType = sourcecode.swift; path = ExploreSectionType.swift; sourceTree = "<group>"; };
		5D5A7CDA29CFF0E600CF20EB /* tiktok-clone.app */ = {isa = PBXFileReference; explicitFileType = wrapper.application; includeInIndex = 0; path = "tiktok-clone.app"; sourceTree = BUILT_PRODUCTS_DIR; };
		5D5A7CDD29CFF0E600CF20EB /* AppDelegate.swift */ = {isa = PBXFileReference; lastKnownFileType = sourcecode.swift; path = AppDelegate.swift; sourceTree = "<group>"; };
		5D5A7CDF29CFF0E600CF20EB /* SceneDelegate.swift */ = {isa = PBXFileReference; lastKnownFileType = sourcecode.swift; path = SceneDelegate.swift; sourceTree = "<group>"; };
		5D5A7CE629CFF0E800CF20EB /* Assets.xcassets */ = {isa = PBXFileReference; lastKnownFileType = folder.assetcatalog; path = Assets.xcassets; sourceTree = "<group>"; };
		5D5A7CE929CFF0E800CF20EB /* Base */ = {isa = PBXFileReference; lastKnownFileType = file.storyboard; name = Base; path = Base.lproj/LaunchScreen.storyboard; sourceTree = "<group>"; };
		5D5A7CEB29CFF0E800CF20EB /* Info.plist */ = {isa = PBXFileReference; lastKnownFileType = text.plist.xml; path = Info.plist; sourceTree = "<group>"; };
		5D5A7CFA29D01B9800CF20EB /* HomeViewController.swift */ = {isa = PBXFileReference; lastKnownFileType = sourcecode.swift; path = HomeViewController.swift; sourceTree = "<group>"; };
		5D5A7CFC29D01CC800CF20EB /* ProfileViewController.swift */ = {isa = PBXFileReference; fileEncoding = 4; lastKnownFileType = sourcecode.swift; path = ProfileViewController.swift; sourceTree = "<group>"; };
		5D5A7CFE29D01CF900CF20EB /* ExploreViewController.swift */ = {isa = PBXFileReference; fileEncoding = 4; lastKnownFileType = sourcecode.swift; path = ExploreViewController.swift; sourceTree = "<group>"; };
		5D5A7D0029D01D2D00CF20EB /* CameraViewController.swift */ = {isa = PBXFileReference; fileEncoding = 4; lastKnownFileType = sourcecode.swift; path = CameraViewController.swift; sourceTree = "<group>"; };
		5D5A7D0229D01D6500CF20EB /* NotificationsViewController.swift */ = {isa = PBXFileReference; fileEncoding = 4; lastKnownFileType = sourcecode.swift; path = NotificationsViewController.swift; sourceTree = "<group>"; };
		5D5A7D0629D01E1600CF20EB /* UserListViewController.swift */ = {isa = PBXFileReference; lastKnownFileType = sourcecode.swift; path = UserListViewController.swift; sourceTree = "<group>"; };
		5D5A7D0829D01E3100CF20EB /* SettingsViewController.swift */ = {isa = PBXFileReference; fileEncoding = 4; lastKnownFileType = sourcecode.swift; path = SettingsViewController.swift; sourceTree = "<group>"; };
		5D5A7D0A29D01E5200CF20EB /* PostViewController.swift */ = {isa = PBXFileReference; fileEncoding = 4; lastKnownFileType = sourcecode.swift; path = PostViewController.swift; sourceTree = "<group>"; };
		5D5A7D0C29D01E8000CF20EB /* CommentsViewController.swift */ = {isa = PBXFileReference; fileEncoding = 4; lastKnownFileType = sourcecode.swift; path = CommentsViewController.swift; sourceTree = "<group>"; };
		5D5A7D0E29D01EAC00CF20EB /* CaptionViewController.swift */ = {isa = PBXFileReference; fileEncoding = 4; lastKnownFileType = sourcecode.swift; path = CaptionViewController.swift; sourceTree = "<group>"; };
		5D5A7D1029D01ED600CF20EB /* EditProfileViewController.swift */ = {isa = PBXFileReference; fileEncoding = 4; lastKnownFileType = sourcecode.swift; path = EditProfileViewController.swift; sourceTree = "<group>"; };
		5D5A7D1229D01F1100CF20EB /* SignInViewController.swift */ = {isa = PBXFileReference; lastKnownFileType = sourcecode.swift; path = SignInViewController.swift; sourceTree = "<group>"; };
		5D5A7D1429D01F3600CF20EB /* SignUpViewController.swift */ = {isa = PBXFileReference; fileEncoding = 4; lastKnownFileType = sourcecode.swift; path = SignUpViewController.swift; sourceTree = "<group>"; };
		5D5A7D1A29D020CE00CF20EB /* RecordButton.swift */ = {isa = PBXFileReference; lastKnownFileType = sourcecode.swift; path = RecordButton.swift; sourceTree = "<group>"; };
		5D5A7D1C29D0212B00CF20EB /* Extensions.swift */ = {isa = PBXFileReference; lastKnownFileType = sourcecode.swift; path = Extensions.swift; sourceTree = "<group>"; };
		5D5A7D2029D023F600CF20EB /* TabBarViewController.swift */ = {isa = PBXFileReference; lastKnownFileType = sourcecode.swift; path = TabBarViewController.swift; sourceTree = "<group>"; };
		5D5A7D2529D024B400CF20EB /* StorageManager.swift */ = {isa = PBXFileReference; lastKnownFileType = sourcecode.swift; path = StorageManager.swift; sourceTree = "<group>"; };
		5D5A7D2729D0258600CF20EB /* DatabaseManager .swift */ = {isa = PBXFileReference; lastKnownFileType = sourcecode.swift; path = "DatabaseManager .swift"; sourceTree = "<group>"; };
		5D5A7D2929D025C700CF20EB /* AuthManager.swift */ = {isa = PBXFileReference; lastKnownFileType = sourcecode.swift; path = AuthManager.swift; sourceTree = "<group>"; };
		5D5A7D2B29D025F100CF20EB /* HapticsManager.swift */ = {isa = PBXFileReference; lastKnownFileType = sourcecode.swift; path = HapticsManager.swift; sourceTree = "<group>"; };
		5D5A7D2D29D0262500CF20EB /* ExploreManager.swift */ = {isa = PBXFileReference; lastKnownFileType = sourcecode.swift; path = ExploreManager.swift; sourceTree = "<group>"; };
		5D791D3A29DAA75B00D7C20B /* CommentsTableViewCell.swift */ = {isa = PBXFileReference; lastKnownFileType = sourcecode.swift; path = CommentsTableViewCell.swift; sourceTree = "<group>"; };
		5D791D3D29DAA81800D7C20B /* Constants.swift */ = {isa = PBXFileReference; lastKnownFileType = sourcecode.swift; path = Constants.swift; sourceTree = "<group>"; };
		5DBF6FF629ECBD6900465750 /* ExploreBannerViewModel.swift */ = {isa = PBXFileReference; lastKnownFileType = sourcecode.swift; path = ExploreBannerViewModel.swift; sourceTree = "<group>"; };
		5DBF6FF829ECBDE800465750 /* ExplorePostViewModel.swift */ = {isa = PBXFileReference; lastKnownFileType = sourcecode.swift; path = ExplorePostViewModel.swift; sourceTree = "<group>"; };
		5DBF6FFA29ECBE8600465750 /* ExploreHashtagViewModel.swift */ = {isa = PBXFileReference; lastKnownFileType = sourcecode.swift; path = ExploreHashtagViewModel.swift; sourceTree = "<group>"; };
		5DBF6FFC29ECCA0B00465750 /* ExploreUserViewModel.swift */ = {isa = PBXFileReference; lastKnownFileType = sourcecode.swift; path = ExploreUserViewModel.swift; sourceTree = "<group>"; };
		5DDFAC9029D0D87500D26540 /* GoogleService-Info.plist */ = {isa = PBXFileReference; fileEncoding = 4; lastKnownFileType = text.plist.xml; path = "GoogleService-Info.plist"; sourceTree = "<group>"; };
		5DDFAC9429D12C0000D26540 /* PostModel.swift */ = {isa = PBXFileReference; lastKnownFileType = sourcecode.swift; path = PostModel.swift; sourceTree = "<group>"; };
		5DFFB64229DBB99500DACDB8 /* PostComment.swift */ = {isa = PBXFileReference; lastKnownFileType = sourcecode.swift; path = PostComment.swift; sourceTree = "<group>"; };
		5DFFB64429DBD45900DACDB8 /* User.swift */ = {isa = PBXFileReference; lastKnownFileType = sourcecode.swift; path = User.swift; sourceTree = "<group>"; };
		661D37812AEFC9B0E7478640 /* Pods-tiktok-clone.release.xcconfig */ = {isa = PBXFileReference; includeInIndex = 1; lastKnownFileType = text.xcconfig; name = "Pods-tiktok-clone.release.xcconfig"; path = "Target Support Files/Pods-tiktok-clone/Pods-tiktok-clone.release.xcconfig"; sourceTree = "<group>"; };
		B92FC19DB71842B0D816484B /* Pods-tiktok-clone.debug.xcconfig */ = {isa = PBXFileReference; includeInIndex = 1; lastKnownFileType = text.xcconfig; name = "Pods-tiktok-clone.debug.xcconfig"; path = "Target Support Files/Pods-tiktok-clone/Pods-tiktok-clone.debug.xcconfig"; sourceTree = "<group>"; };
/* End PBXFileReference section */

/* Begin PBXFrameworksBuildPhase section */
		5D5A7CD729CFF0E600CF20EB /* Frameworks */ = {
			isa = PBXFrameworksBuildPhase;
			buildActionMask = 2147483647;
			files = (
				2C24697E03FA1743C2BF440D /* Pods_tiktok_clone.framework in Frameworks */,
			);
			runOnlyForDeploymentPostprocessing = 0;
		};
/* End PBXFrameworksBuildPhase section */

/* Begin PBXGroup section */
		5459B8BD125A7A9F0833C036 /* Frameworks */ = {
			isa = PBXGroup;
			children = (
				208854DFA5F8054F6CD11509 /* Pods_tiktok_clone.framework */,
			);
			name = Frameworks;
			sourceTree = "<group>";
		};
		5D5A7CD129CFF0E600CF20EB = {
			isa = PBXGroup;
			children = (
				5D5A7CDC29CFF0E600CF20EB /* tiktok-clone */,
				5D5A7CDB29CFF0E600CF20EB /* Products */,
				7D45973946A82EED8440F9C1 /* Pods */,
				5459B8BD125A7A9F0833C036 /* Frameworks */,
			);
			sourceTree = "<group>";
		};
		5D5A7CDB29CFF0E600CF20EB /* Products */ = {
			isa = PBXGroup;
			children = (
				5D5A7CDA29CFF0E600CF20EB /* tiktok-clone.app */,
			);
			name = Products;
			sourceTree = "<group>";
		};
		5D5A7CDC29CFF0E600CF20EB /* tiktok-clone */ = {
			isa = PBXGroup;
			children = (
				5D5A7D1F29D0228800CF20EB /* Managers */,
				5D5A7D1E29D0226B00CF20EB /* ViewModels */,
				5D5A7CF429D01A4300CF20EB /* Models */,
				5D5A7CF329D01A3700CF20EB /* Views */,
				5D5A7CF129D01A0700CF20EB /* Controllers */,
				5D5A7CF229D01A1A00CF20EB /* Resources */,
				5D5A7CEB29CFF0E800CF20EB /* Info.plist */,
			);
			path = "tiktok-clone";
			sourceTree = "<group>";
		};
		5D5A7CF129D01A0700CF20EB /* Controllers */ = {
			isa = PBXGroup;
			children = (
				5D5A7CF729D01AE100CF20EB /* Core Tabs */,
				5D5A7CF629D01AA500CF20EB /* Other */,
			);
			path = Controllers;
			sourceTree = "<group>";
		};
		5D5A7CF229D01A1A00CF20EB /* Resources */ = {
			isa = PBXGroup;
			children = (
				5D078DEB29DD505A00611556 /* videoPost.mp4 */,
				5DDFAC9029D0D87500D26540 /* GoogleService-Info.plist */,
				5D5A7CE629CFF0E800CF20EB /* Assets.xcassets */,
				5D5A7CDD29CFF0E600CF20EB /* AppDelegate.swift */,
				5D5A7CDF29CFF0E600CF20EB /* SceneDelegate.swift */,
				5D5A7D1C29D0212B00CF20EB /* Extensions.swift */,
				5D791D3D29DAA81800D7C20B /* Constants.swift */,
			);
			path = Resources;
			sourceTree = "<group>";
		};
		5D5A7CF329D01A3700CF20EB /* Views */ = {
			isa = PBXGroup;
			children = (
				5D791D3C29DAA76300D7C20B /* Cells */,
				5D5A7D1929D0202000CF20EB /* Storyboards */,
				5D5A7CF529D01A9400CF20EB /*  Other */,
			);
			path = Views;
			sourceTree = "<group>";
		};
		5D5A7CF429D01A4300CF20EB /* Models */ = {
			isa = PBXGroup;
			children = (
				5DDFAC9429D12C0000D26540 /* PostModel.swift */,
				5D2299A029EBA49D007938AD /* ExploreCell.swift */,
				5DFFB64429DBD45900DACDB8 /* User.swift */,
				5DFFB64229DBB99500DACDB8 /* PostComment.swift */,
				5D22999E29EB9704007938AD /* ExploreSection.swift */,
				5D2299A229EBA573007938AD /* ExploreSectionType.swift */,
			);
			path = Models;
			sourceTree = "<group>";
		};
		5D5A7CF529D01A9400CF20EB /*  Other */ = {
			isa = PBXGroup;
			children = (
				5D5A7D1829D01FC200CF20EB /* Auth */,
				5D5A7D1729D01FAE00CF20EB /* Explore */,
				5D5A7D1629D01F9A00CF20EB /* Notifications */,
				5D5A7D1A29D020CE00CF20EB /* RecordButton.swift */,
			);
			path = " Other";
			sourceTree = "<group>";
		};
		5D5A7CF629D01AA500CF20EB /* Other */ = {
			isa = PBXGroup;
			children = (
				5D5A7CF929D01B3900CF20EB /* Authentication */,
				5D5A7CF829D01AFD00CF20EB /* General */,
			);
			path = Other;
			sourceTree = "<group>";
		};
		5D5A7CF729D01AE100CF20EB /* Core Tabs */ = {
			isa = PBXGroup;
			children = (
				5D5A7CFA29D01B9800CF20EB /* HomeViewController.swift */,
				5D5A7CFE29D01CF900CF20EB /* ExploreViewController.swift */,
				5D5A7D0229D01D6500CF20EB /* NotificationsViewController.swift */,
				5D5A7D0029D01D2D00CF20EB /* CameraViewController.swift */,
				5D5A7CFC29D01CC800CF20EB /* ProfileViewController.swift */,
				5D5A7D2029D023F600CF20EB /* TabBarViewController.swift */,
			);
			path = "Core Tabs";
			sourceTree = "<group>";
		};
		5D5A7CF829D01AFD00CF20EB /* General */ = {
			isa = PBXGroup;
			children = (
				5D5A7D0629D01E1600CF20EB /* UserListViewController.swift */,
				5D5A7D0829D01E3100CF20EB /* SettingsViewController.swift */,
				5D5A7D0A29D01E5200CF20EB /* PostViewController.swift */,
				5D5A7D0C29D01E8000CF20EB /* CommentsViewController.swift */,
				5D5A7D0E29D01EAC00CF20EB /* CaptionViewController.swift */,
				5D5A7D1029D01ED600CF20EB /* EditProfileViewController.swift */,
			);
			path = General;
			sourceTree = "<group>";
		};
		5D5A7CF929D01B3900CF20EB /* Authentication */ = {
			isa = PBXGroup;
			children = (
				5D5A7D1229D01F1100CF20EB /* SignInViewController.swift */,
				5D5A7D1429D01F3600CF20EB /* SignUpViewController.swift */,
			);
			path = Authentication;
			sourceTree = "<group>";
		};
		5D5A7D1629D01F9A00CF20EB /* Notifications */ = {
			isa = PBXGroup;
			children = (
			);
			path = Notifications;
			sourceTree = "<group>";
		};
		5D5A7D1729D01FAE00CF20EB /* Explore */ = {
			isa = PBXGroup;
			children = (
			);
			path = Explore;
			sourceTree = "<group>";
		};
		5D5A7D1829D01FC200CF20EB /* Auth */ = {
			isa = PBXGroup;
			children = (
			);
			path = Auth;
			sourceTree = "<group>";
		};
		5D5A7D1929D0202000CF20EB /* Storyboards */ = {
			isa = PBXGroup;
			children = (
				5D5A7CE829CFF0E800CF20EB /* LaunchScreen.storyboard */,
			);
			path = Storyboards;
			sourceTree = "<group>";
		};
		5D5A7D1E29D0226B00CF20EB /* ViewModels */ = {
			isa = PBXGroup;
			children = (
				5DBF6FF629ECBD6900465750 /* ExploreBannerViewModel.swift */,
				5DBF6FF829ECBDE800465750 /* ExplorePostViewModel.swift */,
				5DBF6FFA29ECBE8600465750 /* ExploreHashtagViewModel.swift */,
				5DBF6FFC29ECCA0B00465750 /* ExploreUserViewModel.swift */,
			);
			path = ViewModels;
			sourceTree = "<group>";
		};
		5D5A7D1F29D0228800CF20EB /* Managers */ = {
			isa = PBXGroup;
			children = (
				5D5A7D2529D024B400CF20EB /* StorageManager.swift */,
				5D5A7D2729D0258600CF20EB /* DatabaseManager .swift */,
				5D5A7D2929D025C700CF20EB /* AuthManager.swift */,
				5D5A7D2B29D025F100CF20EB /* HapticsManager.swift */,
				5D5A7D2D29D0262500CF20EB /* ExploreManager.swift */,
			);
			path = Managers;
			sourceTree = "<group>";
		};
		5D791D3C29DAA76300D7C20B /* Cells */ = {
			isa = PBXGroup;
			children = (
				5D791D3A29DAA75B00D7C20B /* CommentsTableViewCell.swift */,
			);
			path = Cells;
			sourceTree = "<group>";
		};
		7D45973946A82EED8440F9C1 /* Pods */ = {
			isa = PBXGroup;
			children = (
				B92FC19DB71842B0D816484B /* Pods-tiktok-clone.debug.xcconfig */,
				661D37812AEFC9B0E7478640 /* Pods-tiktok-clone.release.xcconfig */,
			);
			path = Pods;
			sourceTree = "<group>";
		};
/* End PBXGroup section */

/* Begin PBXNativeTarget section */
		5D5A7CD929CFF0E600CF20EB /* tiktok-clone */ = {
			isa = PBXNativeTarget;
			buildConfigurationList = 5D5A7CEE29CFF0E800CF20EB /* Build configuration list for PBXNativeTarget "tiktok-clone" */;
			buildPhases = (
				329BF4C36308EB0E94B4042C /* [CP] Check Pods Manifest.lock */,
				5D5A7CD629CFF0E600CF20EB /* Sources */,
				5D5A7CD729CFF0E600CF20EB /* Frameworks */,
				5D5A7CD829CFF0E600CF20EB /* Resources */,
				8CE04066211E77E9176F254F /* [CP] Embed Pods Frameworks */,
				5DDFAC9329D0E68400D26540 /* ShellScript */,
			);
			buildRules = (
			);
			dependencies = (
			);
			name = "tiktok-clone";
			productName = "tiktok-clone";
			productReference = 5D5A7CDA29CFF0E600CF20EB /* tiktok-clone.app */;
			productType = "com.apple.product-type.application";
		};
/* End PBXNativeTarget section */

/* Begin PBXProject section */
		5D5A7CD229CFF0E600CF20EB /* Project object */ = {
			isa = PBXProject;
			attributes = {
				BuildIndependentTargetsInParallel = 1;
				LastSwiftUpdateCheck = 1320;
				LastUpgradeCheck = 1320;
				TargetAttributes = {
					5D5A7CD929CFF0E600CF20EB = {
						CreatedOnToolsVersion = 13.2;
					};
				};
			};
			buildConfigurationList = 5D5A7CD529CFF0E600CF20EB /* Build configuration list for PBXProject "tiktok-clone" */;
			compatibilityVersion = "Xcode 13.0";
			developmentRegion = en;
			hasScannedForEncodings = 0;
			knownRegions = (
				en,
				Base,
			);
			mainGroup = 5D5A7CD129CFF0E600CF20EB;
			productRefGroup = 5D5A7CDB29CFF0E600CF20EB /* Products */;
			projectDirPath = "";
			projectRoot = "";
			targets = (
				5D5A7CD929CFF0E600CF20EB /* tiktok-clone */,
			);
		};
/* End PBXProject section */

/* Begin PBXResourcesBuildPhase section */
		5D5A7CD829CFF0E600CF20EB /* Resources */ = {
			isa = PBXResourcesBuildPhase;
			buildActionMask = 2147483647;
			files = (
				5D5A7CEA29CFF0E800CF20EB /* LaunchScreen.storyboard in Resources */,
				5D078DEC29DD505A00611556 /* videoPost.mp4 in Resources */,
				5D5A7CE729CFF0E800CF20EB /* Assets.xcassets in Resources */,
				5DDFAC9129D0D87500D26540 /* GoogleService-Info.plist in Resources */,
			);
			runOnlyForDeploymentPostprocessing = 0;
		};
/* End PBXResourcesBuildPhase section */

/* Begin PBXShellScriptBuildPhase section */
		329BF4C36308EB0E94B4042C /* [CP] Check Pods Manifest.lock */ = {
			isa = PBXShellScriptBuildPhase;
			buildActionMask = 2147483647;
			files = (
			);
			inputFileListPaths = (
			);
			inputPaths = (
				"${PODS_PODFILE_DIR_PATH}/Podfile.lock",
				"${PODS_ROOT}/Manifest.lock",
			);
			name = "[CP] Check Pods Manifest.lock";
			outputFileListPaths = (
			);
			outputPaths = (
				"$(DERIVED_FILE_DIR)/Pods-tiktok-clone-checkManifestLockResult.txt",
			);
			runOnlyForDeploymentPostprocessing = 0;
			shellPath = /bin/sh;
			shellScript = "diff \"${PODS_PODFILE_DIR_PATH}/Podfile.lock\" \"${PODS_ROOT}/Manifest.lock\" > /dev/null\nif [ $? != 0 ] ; then\n    # print error to STDERR\n    echo \"error: The sandbox is not in sync with the Podfile.lock. Run 'pod install' or update your CocoaPods installation.\" >&2\n    exit 1\nfi\n# This output is used by Xcode 'outputs' to avoid re-running this script phase.\necho \"SUCCESS\" > \"${SCRIPT_OUTPUT_FILE_0}\"\n";
			showEnvVarsInLog = 0;
		};
		5DDFAC9329D0E68400D26540 /* ShellScript */ = {
			isa = PBXShellScriptBuildPhase;
			buildActionMask = 2147483647;
			files = (
			);
			inputFileListPaths = (
			);
			inputPaths = (
			);
			outputFileListPaths = (
			);
			outputPaths = (
			);
			runOnlyForDeploymentPostprocessing = 0;
			shellPath = /bin/sh;
			shellScript = "\"${PODS_ROOT}/FirebaseCrashlytics/run\"\n\n";
		};
		8CE04066211E77E9176F254F /* [CP] Embed Pods Frameworks */ = {
			isa = PBXShellScriptBuildPhase;
			buildActionMask = 2147483647;
			files = (
			);
			inputFileListPaths = (
				"${PODS_ROOT}/Target Support Files/Pods-tiktok-clone/Pods-tiktok-clone-frameworks-${CONFIGURATION}-input-files.xcfilelist",
			);
			name = "[CP] Embed Pods Frameworks";
			outputFileListPaths = (
				"${PODS_ROOT}/Target Support Files/Pods-tiktok-clone/Pods-tiktok-clone-frameworks-${CONFIGURATION}-output-files.xcfilelist",
			);
			runOnlyForDeploymentPostprocessing = 0;
			shellPath = /bin/sh;
			shellScript = "\"${PODS_ROOT}/Target Support Files/Pods-tiktok-clone/Pods-tiktok-clone-frameworks.sh\"\n";
			showEnvVarsInLog = 0;
		};
/* End PBXShellScriptBuildPhase section */

/* Begin PBXSourcesBuildPhase section */
		5D5A7CD629CFF0E600CF20EB /* Sources */ = {
			isa = PBXSourcesBuildPhase;
			buildActionMask = 2147483647;
			files = (
				5D2299A329EBA573007938AD /* ExploreSectionType.swift in Sources */,
				5D5A7D0B29D01E5200CF20EB /* PostViewController.swift in Sources */,
				5DBF6FF929ECBDE800465750 /* ExplorePostViewModel.swift in Sources */,
				5DBF6FFB29ECBE8600465750 /* ExploreHashtagViewModel.swift in Sources */,
				5DDFAC9529D12C0000D26540 /* PostModel.swift in Sources */,
				5D5A7D0D29D01E8000CF20EB /* CommentsViewController.swift in Sources */,
				5D5A7D1B29D020CE00CF20EB /* RecordButton.swift in Sources */,
				5D5A7CDE29CFF0E600CF20EB /* AppDelegate.swift in Sources */,
				5D2299A129EBA49D007938AD /* ExploreCell.swift in Sources */,
				5D5A7D2829D0258600CF20EB /* DatabaseManager .swift in Sources */,
				5D5A7D0929D01E3100CF20EB /* SettingsViewController.swift in Sources */,
				5D791D3E29DAA81800D7C20B /* Constants.swift in Sources */,
				5D5A7D1529D01F3600CF20EB /* SignUpViewController.swift in Sources */,
				5D5A7D1D29D0212B00CF20EB /* Extensions.swift in Sources */,
				5D5A7D2629D024B400CF20EB /* StorageManager.swift in Sources */,
				5D5A7D2E29D0262500CF20EB /* ExploreManager.swift in Sources */,
				5D5A7D0F29D01EAC00CF20EB /* CaptionViewController.swift in Sources */,
				5D5A7CFF29D01CF900CF20EB /* ExploreViewController.swift in Sources */,
				5D5A7CFD29D01CC800CF20EB /* ProfileViewController.swift in Sources */,
				5D5A7D2129D023F600CF20EB /* TabBarViewController.swift in Sources */,
				5DFFB64529DBD45900DACDB8 /* User.swift in Sources */,
				5D5A7D1129D01ED600CF20EB /* EditProfileViewController.swift in Sources */,
				5D5A7D0729D01E1600CF20EB /* UserListViewController.swift in Sources */,
				5D5A7D0129D01D2D00CF20EB /* CameraViewController.swift in Sources */,
				5D5A7D1329D01F1100CF20EB /* SignInViewController.swift in Sources */,
				5DBF6FFD29ECCA0B00465750 /* ExploreUserViewModel.swift in Sources */,
				5D5A7CE029CFF0E600CF20EB /* SceneDelegate.swift in Sources */,
				5DBF6FF729ECBD6900465750 /* ExploreBannerViewModel.swift in Sources */,
				5D5A7D2A29D025C700CF20EB /* AuthManager.swift in Sources */,
				5D5A7D2C29D025F100CF20EB /* HapticsManager.swift in Sources */,
				5D791D3B29DAA75B00D7C20B /* CommentsTableViewCell.swift in Sources */,
				5D5A7CFB29D01B9800CF20EB /* HomeViewController.swift in Sources */,
				5D5A7D0329D01D6500CF20EB /* NotificationsViewController.swift in Sources */,
				5DFFB64329DBB99500DACDB8 /* PostComment.swift in Sources */,
				5D22999F29EB9704007938AD /* ExploreSection.swift in Sources */,
			);
			runOnlyForDeploymentPostprocessing = 0;
		};
/* End PBXSourcesBuildPhase section */

/* Begin PBXVariantGroup section */
		5D5A7CE829CFF0E800CF20EB /* LaunchScreen.storyboard */ = {
			isa = PBXVariantGroup;
			children = (
				5D5A7CE929CFF0E800CF20EB /* Base */,
			);
			name = LaunchScreen.storyboard;
			sourceTree = "<group>";
		};
/* End PBXVariantGroup section */

/* Begin XCBuildConfiguration section */
		5D5A7CEC29CFF0E800CF20EB /* Debug */ = {
			isa = XCBuildConfiguration;
			buildSettings = {
				ALWAYS_SEARCH_USER_PATHS = NO;
				CLANG_ANALYZER_NONNULL = YES;
				CLANG_ANALYZER_NUMBER_OBJECT_CONVERSION = YES_AGGRESSIVE;
				CLANG_CXX_LANGUAGE_STANDARD = "gnu++17";
				CLANG_CXX_LIBRARY = "libc++";
				CLANG_ENABLE_MODULES = YES;
				CLANG_ENABLE_OBJC_ARC = YES;
				CLANG_ENABLE_OBJC_WEAK = YES;
				CLANG_WARN_BLOCK_CAPTURE_AUTORELEASING = YES;
				CLANG_WARN_BOOL_CONVERSION = YES;
				CLANG_WARN_COMMA = YES;
				CLANG_WARN_CONSTANT_CONVERSION = YES;
				CLANG_WARN_DEPRECATED_OBJC_IMPLEMENTATIONS = YES;
				CLANG_WARN_DIRECT_OBJC_ISA_USAGE = YES_ERROR;
				CLANG_WARN_DOCUMENTATION_COMMENTS = YES;
				CLANG_WARN_EMPTY_BODY = YES;
				CLANG_WARN_ENUM_CONVERSION = YES;
				CLANG_WARN_INFINITE_RECURSION = YES;
				CLANG_WARN_INT_CONVERSION = YES;
				CLANG_WARN_NON_LITERAL_NULL_CONVERSION = YES;
				CLANG_WARN_OBJC_IMPLICIT_RETAIN_SELF = YES;
				CLANG_WARN_OBJC_LITERAL_CONVERSION = YES;
				CLANG_WARN_OBJC_ROOT_CLASS = YES_ERROR;
				CLANG_WARN_QUOTED_INCLUDE_IN_FRAMEWORK_HEADER = YES;
				CLANG_WARN_RANGE_LOOP_ANALYSIS = YES;
				CLANG_WARN_STRICT_PROTOTYPES = YES;
				CLANG_WARN_SUSPICIOUS_MOVE = YES;
				CLANG_WARN_UNGUARDED_AVAILABILITY = YES_AGGRESSIVE;
				CLANG_WARN_UNREACHABLE_CODE = YES;
				CLANG_WARN__DUPLICATE_METHOD_MATCH = YES;
				COPY_PHASE_STRIP = NO;
				DEBUG_INFORMATION_FORMAT = dwarf;
				ENABLE_STRICT_OBJC_MSGSEND = YES;
				ENABLE_TESTABILITY = YES;
				GCC_C_LANGUAGE_STANDARD = gnu11;
				GCC_DYNAMIC_NO_PIC = NO;
				GCC_NO_COMMON_BLOCKS = YES;
				GCC_OPTIMIZATION_LEVEL = 0;
				GCC_PREPROCESSOR_DEFINITIONS = (
					"DEBUG=1",
					"$(inherited)",
				);
				GCC_WARN_64_TO_32_BIT_CONVERSION = YES;
				GCC_WARN_ABOUT_RETURN_TYPE = YES_ERROR;
				GCC_WARN_UNDECLARED_SELECTOR = YES;
				GCC_WARN_UNINITIALIZED_AUTOS = YES_AGGRESSIVE;
				GCC_WARN_UNUSED_FUNCTION = YES;
				GCC_WARN_UNUSED_VARIABLE = YES;
				IPHONEOS_DEPLOYMENT_TARGET = 15.2;
				MTL_ENABLE_DEBUG_INFO = INCLUDE_SOURCE;
				MTL_FAST_MATH = YES;
				ONLY_ACTIVE_ARCH = YES;
				SDKROOT = iphoneos;
				SWIFT_ACTIVE_COMPILATION_CONDITIONS = DEBUG;
				SWIFT_OPTIMIZATION_LEVEL = "-Onone";
			};
			name = Debug;
		};
		5D5A7CED29CFF0E800CF20EB /* Release */ = {
			isa = XCBuildConfiguration;
			buildSettings = {
				ALWAYS_SEARCH_USER_PATHS = NO;
				CLANG_ANALYZER_NONNULL = YES;
				CLANG_ANALYZER_NUMBER_OBJECT_CONVERSION = YES_AGGRESSIVE;
				CLANG_CXX_LANGUAGE_STANDARD = "gnu++17";
				CLANG_CXX_LIBRARY = "libc++";
				CLANG_ENABLE_MODULES = YES;
				CLANG_ENABLE_OBJC_ARC = YES;
				CLANG_ENABLE_OBJC_WEAK = YES;
				CLANG_WARN_BLOCK_CAPTURE_AUTORELEASING = YES;
				CLANG_WARN_BOOL_CONVERSION = YES;
				CLANG_WARN_COMMA = YES;
				CLANG_WARN_CONSTANT_CONVERSION = YES;
				CLANG_WARN_DEPRECATED_OBJC_IMPLEMENTATIONS = YES;
				CLANG_WARN_DIRECT_OBJC_ISA_USAGE = YES_ERROR;
				CLANG_WARN_DOCUMENTATION_COMMENTS = YES;
				CLANG_WARN_EMPTY_BODY = YES;
				CLANG_WARN_ENUM_CONVERSION = YES;
				CLANG_WARN_INFINITE_RECURSION = YES;
				CLANG_WARN_INT_CONVERSION = YES;
				CLANG_WARN_NON_LITERAL_NULL_CONVERSION = YES;
				CLANG_WARN_OBJC_IMPLICIT_RETAIN_SELF = YES;
				CLANG_WARN_OBJC_LITERAL_CONVERSION = YES;
				CLANG_WARN_OBJC_ROOT_CLASS = YES_ERROR;
				CLANG_WARN_QUOTED_INCLUDE_IN_FRAMEWORK_HEADER = YES;
				CLANG_WARN_RANGE_LOOP_ANALYSIS = YES;
				CLANG_WARN_STRICT_PROTOTYPES = YES;
				CLANG_WARN_SUSPICIOUS_MOVE = YES;
				CLANG_WARN_UNGUARDED_AVAILABILITY = YES_AGGRESSIVE;
				CLANG_WARN_UNREACHABLE_CODE = YES;
				CLANG_WARN__DUPLICATE_METHOD_MATCH = YES;
				COPY_PHASE_STRIP = NO;
				DEBUG_INFORMATION_FORMAT = "dwarf-with-dsym";
				ENABLE_NS_ASSERTIONS = NO;
				ENABLE_STRICT_OBJC_MSGSEND = YES;
				GCC_C_LANGUAGE_STANDARD = gnu11;
				GCC_NO_COMMON_BLOCKS = YES;
				GCC_WARN_64_TO_32_BIT_CONVERSION = YES;
				GCC_WARN_ABOUT_RETURN_TYPE = YES_ERROR;
				GCC_WARN_UNDECLARED_SELECTOR = YES;
				GCC_WARN_UNINITIALIZED_AUTOS = YES_AGGRESSIVE;
				GCC_WARN_UNUSED_FUNCTION = YES;
				GCC_WARN_UNUSED_VARIABLE = YES;
				IPHONEOS_DEPLOYMENT_TARGET = 15.2;
				MTL_ENABLE_DEBUG_INFO = NO;
				MTL_FAST_MATH = YES;
				SDKROOT = iphoneos;
				SWIFT_COMPILATION_MODE = wholemodule;
				SWIFT_OPTIMIZATION_LEVEL = "-O";
				VALIDATE_PRODUCT = YES;
			};
			name = Release;
		};
		5D5A7CEF29CFF0E800CF20EB /* Debug */ = {
			isa = XCBuildConfiguration;
			baseConfigurationReference = B92FC19DB71842B0D816484B /* Pods-tiktok-clone.debug.xcconfig */;
			buildSettings = {
				ASSETCATALOG_COMPILER_APPICON_NAME = AppIcon;
				ASSETCATALOG_COMPILER_GLOBAL_ACCENT_COLOR_NAME = AccentColor;
				CODE_SIGN_STYLE = Automatic;
				CURRENT_PROJECT_VERSION = 1;
				DEBUG_INFORMATION_FORMAT = dwarf;
				GENERATE_INFOPLIST_FILE = YES;
				INFOPLIST_FILE = "tiktok-clone/Info.plist";
				INFOPLIST_KEY_UIApplicationSupportsIndirectInputEvents = YES;
				INFOPLIST_KEY_UILaunchStoryboardName = LaunchScreen;
				INFOPLIST_KEY_UISupportedInterfaceOrientations = UIInterfaceOrientationPortrait;
				INFOPLIST_KEY_UISupportedInterfaceOrientations_iPad = "UIInterfaceOrientationPortrait UIInterfaceOrientationPortraitUpsideDown UIInterfaceOrientationLandscapeLeft UIInterfaceOrientationLandscapeRight";
				INFOPLIST_KEY_UISupportedInterfaceOrientations_iPhone = "UIInterfaceOrientationPortrait UIInterfaceOrientationLandscapeLeft UIInterfaceOrientationLandscapeRight";
				LD_RUNPATH_SEARCH_PATHS = (
					"$(inherited)",
					"@executable_path/Frameworks",
				);
				MARKETING_VERSION = 1.0;
				PRODUCT_BUNDLE_IDENTIFIER = "syce.tiktok-clone";
				PRODUCT_NAME = "$(TARGET_NAME)";
				SWIFT_EMIT_LOC_STRINGS = YES;
				SWIFT_VERSION = 5.0;
				TARGETED_DEVICE_FAMILY = 1;
			};
			name = Debug;
		};
		5D5A7CF029CFF0E800CF20EB /* Release */ = {
			isa = XCBuildConfiguration;
			baseConfigurationReference = 661D37812AEFC9B0E7478640 /* Pods-tiktok-clone.release.xcconfig */;
			buildSettings = {
				ASSETCATALOG_COMPILER_APPICON_NAME = AppIcon;
				ASSETCATALOG_COMPILER_GLOBAL_ACCENT_COLOR_NAME = AccentColor;
				CODE_SIGN_STYLE = Automatic;
				CURRENT_PROJECT_VERSION = 1;
				GENERATE_INFOPLIST_FILE = YES;
				INFOPLIST_FILE = "tiktok-clone/Info.plist";
				INFOPLIST_KEY_UIApplicationSupportsIndirectInputEvents = YES;
				INFOPLIST_KEY_UILaunchStoryboardName = LaunchScreen;
				INFOPLIST_KEY_UISupportedInterfaceOrientations = UIInterfaceOrientationPortrait;
				INFOPLIST_KEY_UISupportedInterfaceOrientations_iPad = "UIInterfaceOrientationPortrait UIInterfaceOrientationPortraitUpsideDown UIInterfaceOrientationLandscapeLeft UIInterfaceOrientationLandscapeRight";
				INFOPLIST_KEY_UISupportedInterfaceOrientations_iPhone = "UIInterfaceOrientationPortrait UIInterfaceOrientationLandscapeLeft UIInterfaceOrientationLandscapeRight";
				LD_RUNPATH_SEARCH_PATHS = (
					"$(inherited)",
					"@executable_path/Frameworks",
				);
				MARKETING_VERSION = 1.0;
				PRODUCT_BUNDLE_IDENTIFIER = "syce.tiktok-clone";
				PRODUCT_NAME = "$(TARGET_NAME)";
				SWIFT_EMIT_LOC_STRINGS = YES;
				SWIFT_VERSION = 5.0;
				TARGETED_DEVICE_FAMILY = 1;
			};
			name = Release;
		};
/* End XCBuildConfiguration section */

/* Begin XCConfigurationList section */
		5D5A7CD529CFF0E600CF20EB /* Build configuration list for PBXProject "tiktok-clone" */ = {
			isa = XCConfigurationList;
			buildConfigurations = (
				5D5A7CEC29CFF0E800CF20EB /* Debug */,
				5D5A7CED29CFF0E800CF20EB /* Release */,
			);
			defaultConfigurationIsVisible = 0;
			defaultConfigurationName = Release;
		};
		5D5A7CEE29CFF0E800CF20EB /* Build configuration list for PBXNativeTarget "tiktok-clone" */ = {
			isa = XCConfigurationList;
			buildConfigurations = (
				5D5A7CEF29CFF0E800CF20EB /* Debug */,
				5D5A7CF029CFF0E800CF20EB /* Release */,
			);
			defaultConfigurationIsVisible = 0;
			defaultConfigurationName = Release;
		};
/* End XCConfigurationList section */
	};
	rootObject = 5D5A7CD229CFF0E600CF20EB /* Project object */;
}
